crawshaw.io/iox v0.0.0-20181124134642-c51c3df30797 h1:yDf7ARQc637HoxDho7xjqdvO5ZA2Yb+xzv/fOnnvZzw=
crawshaw.io/iox v0.0.0-20181124134642-c51c3df30797/go.mod h1:sXBiorCo8c46JlQV3oXPKINnZ8mcqnye1EkVkqsectk=
crawshaw.io/sqlite v0.1.2 h1:N17234KSbrpALUSEJ5AjTTf1u5Oym+FCXpBAs9Vi2Z4=
crawshaw.io/sqlite v0.1.2/go.mod h1:BZaitnE9BVpocOuCdi/y5XReJMUelG53e/rDSLwSFzY=
github.com/BurntSushi/toml v0.3.1 h1:WXkYYl6Yr3qBf1K79EBnL4mak0OimBfB0XUf9Vl28OQ=
github.com/BurntSushi/toml v0.3.1/go.mod h1:xHWCNGjB5oqiDr8zfno3MHue2Ht5sIBksp03qcyfWMU=
github.com/StackExchange/wmi v0.0.0-20170410192909-ea383cf3ba6e/go.mod h1:3eOhrUMpNV+6aFIbp5/iudMxNCF27Vw2OZgy4xEx0Fg=
github.com/StackExchange/wmi v0.0.0-20190523213315-cbe66965904d/go.mod h1:3eOhrUMpNV+6aFIbp5/iudMxNCF27Vw2OZgy4xEx0Fg=
github.com/alecthomas/template v0.0.0-20160405071501-a0175ee3bccc h1:cAKDfWh5VpdgMhJosfJnn5/FoN2SRZ4p7fJNX58YPaU=
github.com/alecthomas/template v0.0.0-20160405071501-a0175ee3bccc/go.mod h1:LOuyumcjzFXgccqObfd/Ljyb9UuFJ6TxHnclSeseNhc=
github.com/alecthomas/template v0.0.0-20190718012654-fb15b899a751/go.mod h1:LOuyumcjzFXgccqObfd/Ljyb9UuFJ6TxHnclSeseNhc=
github.com/alecthomas/units v0.0.0-20151022065526-2efee857e7cf h1:qet1QNfXsQxTZqLG4oE62mJzwPIB8+Tee4RNCL9ulrY=
github.com/alecthomas/units v0.0.0-20151022065526-2efee857e7cf/go.mod h1:ybxpYRFXyAe+OPACYpWeL0wqObRcbAqCMya13uyzqw0=
github.com/alecthomas/units v0.0.0-20190717042225-c3de453c63f4/go.mod h1:ybxpYRFXyAe+OPACYpWeL0wqObRcbAqCMya13uyzqw0=
github.com/arbovm/levenshtein v0.0.0-20160628152529-48b4e1c0c4d0 h1:jfIu9sQUG6Ig+0+Ap1h4unLjW6YQJpKZVmUzxsD4E/Q=
github.com/arbovm/levenshtein v0.0.0-20160628152529-48b4e1c0c4d0/go.mod h1:t2tdKJDJF9BV14lnkjHmOQgcvEKgtqs5a1N3LNdJhGE=
github.com/aristanetworks/goarista v0.0.0-20190628180533-8e7d5b18fe7a h1:AtHySZzzzJyE9NDlY3MNxkR12HsSxE1QmntYzuc0uEw=
github.com/aristanetworks/goarista v0.0.0-20190628180533-8e7d5b18fe7a/go.mod h1:D/tb0zPVXnP7fmsLZjtdUhSsumbK/ij54UXjjVgMGxQ=
github.com/aristanetworks/goarista v0.0.0-20190712234253-ed1100a1c015 h1:7ABPr1+uJdqESAdlVevnc/2FJGiC/K3uMg1JiELeF+0=
github.com/aristanetworks/goarista v0.0.0-20190712234253-ed1100a1c015/go.mod h1:D/tb0zPVXnP7fmsLZjtdUhSsumbK/ij54UXjjVgMGxQ=
github.com/asaskevich/govalidator v0.0.0-20190424111038-f61b66f89f4a h1:idn718Q4B6AGu/h5Sxe66HYVdqdGu2l9Iebqhi/AEoA=
github.com/asaskevich/govalidator v0.0.0-20190424111038-f61b66f89f4a/go.mod h1:lB+ZfQJz7igIIfQNfa7Ml4HSf2uFQQRzpGGRXenZAgY=
github.com/basgys/goxml2json v1.1.0 h1:4ln5i4rseYfXNd86lGEB+Vi652IsIXIvggKM/BhUKVw=
github.com/basgys/goxml2json v1.1.0/go.mod h1:wH7a5Np/Q4QoECFIU8zTQlZwZkrilY0itPfecMw41Dw=
github.com/bitly/go-simplejson v0.5.0 h1:6IH+V8/tVMab511d5bn4M7EwGXZf9Hj6i2xSwkNEM+Y=
github.com/bitly/go-simplejson v0.5.0/go.mod h1:cXHtHw4XUPsvGaxgjIAn8PhEWG9NfngEKAMDJEczWVA=
github.com/bmizerany/assert v0.0.0-20160611221934-b7ed37b82869 h1:DDGfHa7BWjL4YnC6+E63dPcxHo2sUxDIu8g3QgEJdRY=
github.com/bmizerany/assert v0.0.0-20160611221934-b7ed37b82869/go.mod h1:Ekp36dRnpXw/yCqJaO+ZrUyxD+3VXMFFr56k5XYrpB4=
github.com/creack/pty v1.1.7/go.mod h1:lj5s0c3V2DBrqTV7llrYr5NG6My20zk30Fl46Y7DoTY=
github.com/davecgh/go-spew v1.1.0/go.mod h1:J7Y8YcW2NihsgmVo/mv3lAwl/skON4iLHjSsI+c5H38=
github.com/davecgh/go-spew v1.1.1 h1:vj9j/u1bqnvCEfJOwUhtlOARqs3+rkHYY13jYWTU97c=
github.com/davecgh/go-spew v1.1.1/go.mod h1:J7Y8YcW2NihsgmVo/mv3lAwl/skON4iLHjSsI+c5H38=
github.com/dchest/safefile v0.0.0-20151022103144-855e8d98f185 h1:3T8ZyTDp5QxTx3NU48JVb2u+75xc040fofcBaN+6jPA=
github.com/dchest/safefile v0.0.0-20151022103144-855e8d98f185/go.mod h1:cFRxtTwTOJkz2x3rQUNCYKWC93yP1VKjR8NUhqFxZNU=
github.com/dsnet/golib/unitconv v0.0.0-20190531212259-571cdbcff553/go.mod h1:86KTUtTJFLreKjc4sS9xE0rhj4lR44Ox0rEQSEXSWwM=
github.com/dustin/go-humanize v1.0.0 h1:VSnTsYCnlFHaM2/igO1h6X3HA71jcobQuxemgkq4zYo=
github.com/dustin/go-humanize v1.0.0/go.mod h1:HtrtbFcZ19U5GC7JDqmcUSB87Iq5E25KnS6fMYU6eOk=
github.com/dustinkirkland/golang-petname v0.0.0-20190613200456-11339a705ed2 h1:QXz68S5Dy+l4+2GupjlHoTBS3H0xwvglLAHOxhWS2AA=
github.com/dustinkirkland/golang-petname v0.0.0-20190613200456-11339a705ed2/go.mod h1:V+Qd57rJe8gd4eiGzZyg4h54VLHmYVVw54iMnlAMrF8=
github.com/efarrer/iothrottler v0.0.0-20141121142253-60e7e547c7fe h1:WAx1vRufH0I2pTWldQkXPzpc+jndCOi2FH334LFQ1PI=
github.com/efarrer/iothrottler v0.0.0-20141121142253-60e7e547c7fe/go.mod h1:zjXkUoNEq44qYz/1TlzBhN2W21rDU3HvDBiJWQAZTq8=
github.com/efarrer/iothrottler v0.0.1 h1:N5uXoCpk8T1nfl8z7l4YIJUI/2/mL5pQNsOkeMuVnH8=
github.com/efarrer/iothrottler v0.0.1/go.mod h1:zGWF5N0NKSCskcPFytDAFwI121DdU/NfW4XOjpTR+ys=
github.com/fatih/color v1.7.0 h1:DkWD4oS2D8LGGgTQ6IvwJJXSL5Vp2ffcQg58nFV38Ys=
github.com/fatih/color v1.7.0/go.mod h1:Zm6kSWBoL9eyXnKyktHP6abPY2pDugNf5KwzbycvMj4=
github.com/fatih/structtag v1.0.0 h1:pTHj65+u3RKWYPSGaU290FpI/dXxTaHdVwVwbcPKmEc=
github.com/fatih/structtag v1.0.0/go.mod h1:IKitwq45uXL/yqi5mYghiD3w9H6eTOvI9vnk8tXMphA=
github.com/getlantern/context v0.0.0-20190109183933-c447772a6520 h1:NRUJuo3v3WGC/g5YiyF790gut6oQr5f3FBI88Wv0dx4=
github.com/getlantern/context v0.0.0-20190109183933-c447772a6520/go.mod h1:L+mq6/vvYHKjCX2oez0CgEAJmbq1fbb/oNJIWQkBybY=
github.com/getlantern/errors v0.0.0-20190325191628-abdb3e3e36f7 h1:6uJ+sZ/e03gkbqZ0kUG6mfKoqDb4XMAzMIwlajq19So=
github.com/getlantern/errors v0.0.0-20190325191628-abdb3e3e36f7/go.mod h1:l+xpFBrCtDLpK9qNjxs+cHU6+BAdlBaxHqikB6Lku3A=
github.com/getlantern/fdcount v0.0.0-20170105153814-6a6cb5839bc5 h1:8Q9iN/V24EG01IgXEKVScth/rTXpplBxCYio/yIKtUw=
github.com/getlantern/fdcount v0.0.0-20170105153814-6a6cb5839bc5/go.mod h1:XZwE+iIlAgr64OFbXKFNCllBwV4wEipPx8Hlo2gZdbM=
github.com/getlantern/golog v0.0.0-20170508214112-cca714f7feb5 h1:Okd7vkn9CfIgDBj1ST/vtBTCfD/kxIhYD412K+FRKPc=
github.com/getlantern/golog v0.0.0-20170508214112-cca714f7feb5/go.mod h1:Vwx1Cg64gCdIalad44uvQsKZw6LsVczIKZrUBStEjVw=
github.com/getlantern/golog v0.0.0-20190809085441-26e09e6dd330 h1:BQIvwKkAWNoyQFtjk89XRV+GK0fT7Zvl1oHrp9Zhfl0=
github.com/getlantern/golog v0.0.0-20190809085441-26e09e6dd330/go.mod h1:zx/1xUUeYPy3Pcmet8OSXLbF47l+3y6hIPpyLWoR9oc=
github.com/getlantern/hex v0.0.0-20190417191902-c6586a6fe0b7 h1:micT5vkcr9tOVk1FiH8SWKID8ultN44Z+yzd2y/Vyb0=
github.com/getlantern/hex v0.0.0-20190417191902-c6586a6fe0b7/go.mod h1:dD3CgOrwlzca8ed61CsZouQS5h5jIzkK9ZWrTcf0s+o=
github.com/getlantern/hidden v0.0.0-20190325191715-f02dbb02be55 h1:XYzSdCbkzOC0FDNrgJqGRo8PCMFOBFL9py72DRs7bmc=
github.com/getlantern/hidden v0.0.0-20190325191715-f02dbb02be55/go.mod h1:6mmzY2kW1TOOrVy+r41Za2MxXM+hhqTtY3oBKd2AgFA=
github.com/getlantern/idletiming v0.0.0-20190529182719-d2fbc83372a5 h1:laM1s/bxUH8xbbC9TBGWsOc7A0KCAPZMa4pdwO5e6Vw=
github.com/getlantern/idletiming v0.0.0-20190529182719-d2fbc83372a5/go.mod h1:MGP8kEgZGgAhvHISt0hJGQgxg/VAqGdw3+kSZBnfC/4=
github.com/getlantern/mockconn v0.0.0-20190403061815-a8ffa60494a6 h1:+aO65ByJw74kV8vXqvkj49P5RtIqyUObyeRTIxMz218=
github.com/getlantern/mockconn v0.0.0-20190403061815-a8ffa60494a6/go.mod h1:+F5GJ7qGpQ03DBtcOEyQpM30ix4BLswdaojecFtsdy8=
github.com/getlantern/mockconn v0.0.0-20190708122800-637bd46d8034/go.mod h1:+F5GJ7qGpQ03DBtcOEyQpM30ix4BLswdaojecFtsdy8=
github.com/getlantern/mtime v0.0.0-20170117193331-ba114e4a82b0 h1:1VNkP55LM/W2IwWN+qi+5X3gZcEQHfj8X9E+FNxVgM4=
github.com/getlantern/mtime v0.0.0-20170117193331-ba114e4a82b0/go.mod h1:u537FS7ld4Whf7h7/0ql/myAudWWBNgeRhgE9XXH4Pk=
github.com/getlantern/netx v0.0.0-20190110220209-9912de6f94fd h1:mn98vs69Kqw56iKhR82mjk16Q1q5aDFFW0E89/QbXkQ=
github.com/getlantern/netx v0.0.0-20190110220209-9912de6f94fd/go.mod h1:wKdY0ikOgzrWSeB9UyBVKPRhjXQ+vTb+BPeJuypUuNE=
github.com/getlantern/ops v0.0.0-20190325191751-d70cb0d6f85f h1:wrYrQttPS8FHIRSlsrcuKazukx/xqO/PpLZzZXsF+EA=
github.com/getlantern/ops v0.0.0-20190325191751-d70cb0d6f85f/go.mod h1:D5ao98qkA6pxftxoqzibIBBrLSUli+kYnJqrgBf9cIA=
github.com/go-ole/go-ole v1.2.1/go.mod h1:7FAglXiTm7HKlQRDeOQ6ZNUHidzCWXuZWq/1dTyBNF8=
github.com/go-ole/go-ole v1.2.4/go.mod h1:XCwSNxSkXRo4vlyPy93sltvi/qJq0jqQhjqQNIwKuxM=
github.com/go-ozzo/ozzo-validation v3.5.0+incompatible h1:sUy/in/P6askYr16XJgTKq/0SZhiWsdg4WZGaLsGQkM=
github.com/go-ozzo/ozzo-validation v3.5.0+incompatible/go.mod h1:gsEKFIVnabGBt6mXmxK0MoFy+cZoTJY6mu5Ll3LVLBU=
github.com/go-stack/stack v1.8.0 h1:5SgMzNM5HxrEjV0ww2lTmX6E2Izsfxas4+YHWRs3Lsk=
github.com/go-stack/stack v1.8.0/go.mod h1:v0f6uXyyMGvRgIKkXu+yp6POWl0qKG85gN/melR3HDY=
github.com/go-xorm/sqlfiddle v0.0.0-20180821085327-62ce714f951a h1:9wScpmSP5A3Bk8V3XHWUcJmYTh+ZnlHVyc+A4oZYS3Y=
github.com/go-xorm/sqlfiddle v0.0.0-20180821085327-62ce714f951a/go.mod h1:56xuuqnHyryaerycW3BfssRdxQstACi0Epw/yC5E2xM=
github.com/gogits/chardet v0.0.0-20150115103509-2404f7772561 h1:deE7ritpK04PgtpyVOS2TYcQEld9qLCD5b5EbVNOuLA=
github.com/gogits/chardet v0.0.0-20150115103509-2404f7772561/go.mod h1:YgYOrVn3Nj9Tq0EvjmFbphRytDj7JNRoWSStJZWDJTQ=
github.com/golang/protobuf v1.3.1 h1:YF8+flBXS5eO826T4nzqPrxfhQThhXl0YzfuUPu4SBg=
github.com/golang/protobuf v1.3.1/go.mod h1:6lQm79b+lXiMfvg/cZm0SGofjICqVBUtrP5yJMmIC1U=
github.com/golang/protobuf v1.3.2 h1:6nsPYzhq5kReh6QImI3k5qWzO4PEbvbIW2cwSfR/6xs=
github.com/golang/protobuf v1.3.2/go.mod h1:6lQm79b+lXiMfvg/cZm0SGofjICqVBUtrP5yJMmIC1U=
github.com/google/go-cmp v0.3.0/go.mod h1:8QqcDgzrUqlUb/G2PQTWiueGozuR1884gddMywk6iLU=
github.com/google/go-cmp v0.3.1/go.mod h1:8QqcDgzrUqlUb/G2PQTWiueGozuR1884gddMywk6iLU=
github.com/google/gops v0.3.6 h1:6akvbMlpZrEYOuoebn2kR+ZJekbZqJ28fJXTs84+8to=
github.com/google/gops v0.3.6/go.mod h1:RZ1rH95wsAGX4vMWKmqBOIWynmWisBf4QFdgT/k/xOI=
github.com/google/uuid v1.1.1 h1:Gkbcsh/GbpXz7lPftLA3P6TYMwjCLYm83jiFQZF/3gY=
github.com/google/uuid v1.1.1/go.mod h1:TIyPZe4MgqvfeYDBFedMoGGpEw/LqOeaOT+nhxU+yHo=
github.com/gorilla/handlers v1.4.0 h1:XulKRWSQK5uChr4pEgSE4Tc/OcmnU9GJuSwdog/tZsA=
github.com/gorilla/handlers v1.4.0/go.mod h1:Qkdc/uu4tH4g6mTK6auzZ766c4CA0Ng8+o/OAirnOIQ=
github.com/gorilla/mux v1.7.3 h1:gnP5JzjVOuiZD07fKKToCAOjS0yOpj/qPETTXCCS6hw=
github.com/gorilla/mux v1.7.3/go.mod h1:1lud6UwP+6orDFRuTfBEV8e9/aOM/c4fVVCaMa2zaAs=
github.com/gorilla/websocket v1.4.0 h1:WDFjx/TMzVgy9VdMMQi2K2Emtwi2QcUQsztZ/zLaH/Q=
github.com/gorilla/websocket v1.4.0/go.mod h1:E7qHFY5m1UJ88s3WnNqhKjPHQ0heANvMoAMk2YaljkQ=
github.com/hashicorp/golang-lru v0.5.1 h1:0hERBMJE1eitiLkihrMvRVBYAkpHzc/J3QdDN+dAcgU=
github.com/hashicorp/golang-lru v0.5.1/go.mod h1:/m3WP610KZHVQ1SGc6re/UDhFvYD7pJ4Ao+sR/qLZy8=
github.com/itchio/arkive v0.0.0-20180910214514-fc46d4d216ca/go.mod h1:AsMFt+VBCAYG/iC+CGwl1QVas0r8ogUn69kJkf96rLE=
github.com/itchio/arkive v0.0.0-20190702114012-1bb6c7241ec3 h1:UcZnU7qzWTmZf8v7F3mC79H98I0b77pZz+99vqHFwtI=
github.com/itchio/arkive v0.0.0-20190702114012-1bb6c7241ec3/go.mod h1:/MAMeMlpquFOD0/pXvk5+2uxV9S6UXcdj6YtesJWPAI=
github.com/itchio/boar v0.0.0-20190703124333-bda796911ceb h1:keMvSSnSW3sM50dDwn7BBTM6Kjcv0kHg7Gpgvra4mbY=
github.com/itchio/boar v0.0.0-20190703124333-bda796911ceb/go.mod h1:k9nXyG+nEgdfhO5oYuVm+/mocEG0elIITgEPmDckytM=
github.com/itchio/boar v0.0.0-20190812200833-6a765722cc1f h1:l1RxdEc4BgyFpMxrpBRJOLh++Kko0VRuaxhGHr9MFsc=
github.com/itchio/boar v0.0.0-20190812200833-6a765722cc1f/go.mod h1:DEVC1bPLcELkOztb2oI1yaDgWxyX2rGbgEvDB0Q8Pu4=
github.com/itchio/damage v0.0.0-20190703135837-76df725fc766 h1:4nBDNxFnzgCg46RTEKSQPK6g9TP87GvwLojqEoVIO5w=
github.com/itchio/damage v0.0.0-20190703135837-76df725fc766/go.mod h1:WA/BAVc27XYi+O39kOxQfFtexJP2DBYdZy4mgaLCiQE=
github.com/itchio/dash v0.0.0-20190703110303-c813f12a029f h1:KY0Gw9KoAuCO4trci+YYkGKO7HxU6027xqbNauvriG4=
github.com/itchio/dash v0.0.0-20190703110303-c813f12a029f/go.mod h1:LV8chL1tHPvRr/V6mio3TibisQLeQn4wNuLVd2Z2a2E=
github.com/itchio/dmcunrar-go v0.0.0-20190703112038-7697097fd895 h1:zd3U99eLYFXo1zrdm/fGWlm95qiMneNoy9h0/vZ+SSU=
github.com/itchio/dmcunrar-go v0.0.0-20190703112038-7697097fd895/go.mod h1:aasfhW1zLYXUtJOgqR2zGS/wCsDC5kkElVkw0u9LG/k=
github.com/itchio/dmcunrar-go v0.0.0-20190812200505-0379366c30f1 h1:dM0tqJfYvU/0KbfYsHnp0Jq1g4iGXL8eTonspDNsiF4=
github.com/itchio/dmcunrar-go v0.0.0-20190812200505-0379366c30f1/go.mod h1:aasfhW1zLYXUtJOgqR2zGS/wCsDC5kkElVkw0u9LG/k=
github.com/itchio/dskompress v0.0.0-20190702113811-5e6f499be697 h1:u3Q2WkrIPYlGEw4fjcImSOrkivWd6SVb0BF0Ehoih9c=
github.com/itchio/dskompress v0.0.0-20190702113811-5e6f499be697/go.mod h1:clqOV8HXYpbDC3Bzia6urYIkfgwP1FnDr/C0q8KELmo=
github.com/itchio/elefant v0.0.0-20190703135033-2d43bc5934e5 h1:vnt0/9mKEljxnhY+lP3okreWLOq+NpX4PJ56DnVx3Y4=
github.com/itchio/elefant v0.0.0-20190703135033-2d43bc5934e5/go.mod h1:f0DOHNE7W7FPCzJewcNAUQzlHaw5HVtYeGEk5VrzjeY=
github.com/itchio/go-brotli v0.0.0-20190702114328-3f28d645a45c h1:Jf20xV/yR/O6eSUqLTuXhka/+54YR59sGwN7b3MkxYk=
github.com/itchio/go-brotli v0.0.0-20190702114328-3f28d645a45c/go.mod h1:oRXh43p/JW9kWosasd+2kHfDpb1ec4m7YrZ5E39s1iI=
github.com/itchio/go-itchio v0.0.0-20190703105933-6cc0976392aa h1:9Y+zMIjROj6/7PPAP4+gX6ghn+cwo+iRWXuuR2K5n6w=
github.com/itchio/go-itchio v0.0.0-20190703105933-6cc0976392aa/go.mod h1:XSSLba+Gv3NSpWfqMZTPb5u5JUEs+EM7AtNjUxqerQY=
github.com/itchio/go-itchio v0.0.0-20190715120124-be3dc0797839 h1:Z448kkftWOKBaOrLMH8qY1egP2RLJ/iT3LpYDp+v0O8=
github.com/itchio/go-itchio v0.0.0-20190715120124-be3dc0797839/go.mod h1:XSSLba+Gv3NSpWfqMZTPb5u5JUEs+EM7AtNjUxqerQY=
github.com/itchio/go-itchio v0.0.0-20190715130917-ff003c6e3102 h1:xIfiY+me2hZa4kX/uqGb1iK3FRCSo5rZ7/NxvK88kLo=
github.com/itchio/go-itchio v0.0.0-20190715130917-ff003c6e3102/go.mod h1:XSSLba+Gv3NSpWfqMZTPb5u5JUEs+EM7AtNjUxqerQY=
github.com/itchio/hades v0.0.0-20190703142104-a6700d471538 h1:AiWJbdJhnpl7wwtSAoYncHmGFBslGtzcWr9ERvp4pNc=
github.com/itchio/hades v0.0.0-20190703142104-a6700d471538/go.mod h1:daEH/js5rjE05MtROUxzkGT2flXGEC1Mg3aEAceJ4ko=
github.com/itchio/headway v0.0.0-20190702175331-a4c65c5306de h1:RQW9xPqYtvjdHHRZR95XsaEA9B4URCuNHK78IuJcc+Y=
github.com/itchio/headway v0.0.0-20190702175331-a4c65c5306de/go.mod h1:Iif+7HeesRB0PvTYf0gOIFX8lj0za0SUsWryENQYt1E=
github.com/itchio/httpkit v0.0.0-20190702184704-639fe5edf1f1/go.mod h1:l+oRs+N4hTtMdh1Nv9HipY8cvkv77HUpw3LHoJ78HAA=
github.com/itchio/httpkit v0.0.0-20190703105757-f6353d320e52 h1:S91A3cWq0selvlqL46cfECTDbPfG+ge9KwpMo9EeIjs=
github.com/itchio/httpkit v0.0.0-20190703105757-f6353d320e52/go.mod h1:MAwPXM6IGYlFG9J4IVzFCRbPIDCgysXTjZwRQFtq+Yc=
github.com/itchio/kompress v0.0.0-20190702090658-5e2558a00102 h1:QXEwRXrrx+7CxU+Y+G4GpDk4mUeHbP7grMXHhydk8qU=
github.com/itchio/kompress v0.0.0-20190702090658-5e2558a00102/go.mod h1:YEdp1gs/LrGWRcZwYkw7MXli8lIcApwk6fgkAR+3moI=
github.com/itchio/kompress v0.0.0-20190703125833-0b2a6b182782 h1:JCEcOVLpRZpsrbR2dne0Hj/+1rKhURckabzOgyCInpU=
github.com/itchio/kompress v0.0.0-20190703125833-0b2a6b182782/go.mod h1:YEdp1gs/LrGWRcZwYkw7MXli8lIcApwk6fgkAR+3moI=
github.com/itchio/lake v0.0.0-20190703103538-f71861a8a3eb h1:Ar+Z4S7PLyUzqNX44/sv1h91++/Uk2D6ySVwaNiTv+M=
github.com/itchio/lake v0.0.0-20190703103538-f71861a8a3eb/go.mod h1:ZRzm1T55x8Yyp7tUtNKVmukTuE9OtsYl/0smWfzeNaA=
github.com/itchio/lzma v0.0.0-20190703113020-d3e24e3e3d49 h1:+YrBMf3rkLjkT10zIHyVE4S7ma4hqvfjl6XgnzZwS6o=
github.com/itchio/lzma v0.0.0-20190703113020-d3e24e3e3d49/go.mod h1:avNrevQMli1pYPsz1+HIHMvx95pk6O+6otbWqCZPeZI=
github.com/itchio/mitch v0.0.0-20190703125854-42bcb20bbe66 h1:qynNkJCVLkDJcN8+gVq1DNnnjaIVi7XZk8XrdpC10ZY=
github.com/itchio/mitch v0.0.0-20190703125854-42bcb20bbe66/go.mod h1:npCXonLy+yxwkZJJBKb5ySE4CGfN/cDuJhRLWcrZeaA=
github.com/itchio/ox v0.0.0-20190702183250-92ed53dc0fa5 h1:8Wi95IwkUGZTGhVmylXAnCW/iUe9nUEtKYKLyhsseuM=
github.com/itchio/ox v0.0.0-20190702183250-92ed53dc0fa5/go.mod h1:POv3yZKXDBTjmHRY+4ICAitLMtCwTwPjq9EOZOvRpok=
github.com/itchio/ox v0.0.0-20190705170940-1e1b8248fbc5 h1:+UnHPaDyTaPcFuyf2M7dkTLlstkOQygouz6iLx5PkaY=
github.com/itchio/ox v0.0.0-20190705170940-1e1b8248fbc5/go.mod h1:POv3yZKXDBTjmHRY+4ICAitLMtCwTwPjq9EOZOvRpok=
github.com/itchio/pelican v0.0.0-20190703135153-206ee1f15f3e h1:6PC5zK+yRl2H3qVF6BPCi2GMZfxu1kwC3f1GDuxf1QQ=
github.com/itchio/pelican v0.0.0-20190703135153-206ee1f15f3e/go.mod h1:JLmbluABAmZIBcWVhgCOkikjqZzVg7RIuvvcWECh9mo=
github.com/itchio/randsource v0.0.0-20190702184213-a7635a4cb94b/go.mod h1:lKWkyaS6DHSVoxVLw7mIeD+po2Kvwv1Hiy8+7VR1zZc=
github.com/itchio/randsource v0.0.0-20190703104731-3f6d22f91927 h1:5abFAYun3PFycBSXZnvXk0wqaPNiioSTIOZFf3I0J+A=
github.com/itchio/randsource v0.0.0-20190703104731-3f6d22f91927/go.mod h1:lKWkyaS6DHSVoxVLw7mIeD+po2Kvwv1Hiy8+7VR1zZc=
github.com/itchio/savior v0.0.0-20190702184736-b8b849654d01 h1:W+QljvzvaHQdgB/9RQXdvbW6W1aettfu6ixQgNQURBU=
github.com/itchio/savior v0.0.0-20190702184736-b8b849654d01/go.mod h1:KyMj8mbcmn7QqpWmDZD1QWM2d5GAg5G2mPNTOak2rwI=
github.com/itchio/sevenzip-go v0.0.0-20190703112252-e327cec6c376 h1:Qhfx6SvjhcmJzUgwYvBAa2aRqfIGZczXHauOu901uac=
github.com/itchio/sevenzip-go v0.0.0-20190703112252-e327cec6c376/go.mod h1:5ppm0m2hS/bHydxUQbmuY/U6dsCVaFLmfu+7vY2lwcU=
github.com/itchio/smaug v0.0.0-20190702183459-b4c26be6cc7c h1:DbM1lo2Ud4Sg7XO8/Tmszu4HrgtC2SPFPH3lgGYiTJg=
github.com/itchio/smaug v0.0.0-20190702183459-b4c26be6cc7c/go.mod h1:z9gicKFTKzdTs3r3ioyzhJg6oF43dJJtsXybsOhggNg=
github.com/itchio/spellbook v0.0.0-20190702192024-d861b16ab673 h1:2bncqho+T6mZkzDHYhYxLU4fmTWfIcU+CN+YUDuqO9k=
github.com/itchio/spellbook v0.0.0-20190702192024-d861b16ab673/go.mod h1:Z8GuFb1PZQTracji6TIBFLTw2ZV3u7rOS0S04v63g58=
github.com/itchio/wharf v0.0.0-20190703124244-659fddc29012 h1:wmzF81vWMJ2lVi7+BQg+frAzuS8fn22pQBaQp6pMtBE=
github.com/itchio/wharf v0.0.0-20190703124244-659fddc29012/go.mod h1:WcTtMJ14F9NVHqKFxuBI7oyVnHJss2nexwJFcQeRo4I=
github.com/itchio/wizardry v0.0.0-20190702191849-ac1b407f270b/go.mod h1:E+s8EspsKQUVBCY6Tq5C+9fJ7tH/KewSlqy96MJWyEA=
github.com/itchio/wizardry v0.0.0-20190702192039-559605be939c h1:gBUbKS6o9ns7UqD2Xs7FQ4d/6LIZuarPd47ykvLA9K0=
github.com/itchio/wizardry v0.0.0-20190702192039-559605be939c/go.mod h1:E+s8EspsKQUVBCY6Tq5C+9fJ7tH/KewSlqy96MJWyEA=
github.com/jessevdk/go-flags v1.4.0/go.mod h1:4FA24M0QyGHXBuZZK/XkWh8h0e1EYbRYJSGM75WSRxI=
github.com/jgallagher/gosaca v0.0.0-20130226042358-754749770f08 h1:VlCjOBMvVsqr/L/w7k4CW8WEQog5Hj53CihNyYyvvo4=
github.com/jgallagher/gosaca v0.0.0-20130226042358-754749770f08/go.mod h1:iU7U0LShC+6Wjkkymyl3dpCZyiDSGnY4N4DY+xt3yNg=
github.com/jinzhu/inflection v1.0.0 h1:K317FqzuhWc8YvSVlFMCCUb36O/S9MCKRDI7QkRKD/E=
github.com/jinzhu/inflection v1.0.0/go.mod h1:h+uFLlag+Qp1Va5pdKtLDYj+kHp5pxUVkryuEj+Srlc=
github.com/kardianos/osext v0.0.0-20170510131534-ae77be60afb1 h1:PJPDf8OUfOK1bb/NeTKd4f1QXZItOX389VN3B6qC8ro=
github.com/kardianos/osext v0.0.0-20170510131534-ae77be60afb1/go.mod h1:1NbS8ALrpOvjt0rHPNLyCIeMtbizbir8U//inJ+zuB8=
github.com/kardianos/osext v0.0.0-20190222173326-2bc1f35cddc0 h1:iQTw/8FWTuc7uiaSepXwyf3o52HaUYcV+Tu66S3F5GA=
github.com/kardianos/osext v0.0.0-20190222173326-2bc1f35cddc0/go.mod h1:1NbS8ALrpOvjt0rHPNLyCIeMtbizbir8U//inJ+zuB8=
github.com/kballard/go-shellquote v0.0.0-20180428030007-95032a82bc51 h1:Z9n2FFNUXsshfwJMBgNA0RU6/i7WVaAegv3PtuIHPMs=
github.com/kballard/go-shellquote v0.0.0-20180428030007-95032a82bc51/go.mod h1:CzGEWj7cYgsdH8dAjBGEr58BoE7ScuLd+fwFZ44+/x8=
github.com/keybase/go-ps v0.0.0-20161005175911-668c8856d999/go.mod h1:hY+WOq6m2FpbvyrI93sMaypsttvaIL5nhVR92dTMUcQ=
github.com/klauspost/compress v1.7.1 h1:VRD0WLa8rweLB7alA5WMSVkoAtrI8xou5RrNd4JUlR0=
github.com/klauspost/compress v1.7.1/go.mod h1:RyIbtBH6LamlWaDj8nUwkbUhJ87Yi3uG0guNDohfE1A=
github.com/klauspost/compress v1.7.5 h1:NMapGoDIKPKpk2hpcgAU6XHfsREHG2p8PIg7C3f/jpI=
github.com/klauspost/compress v1.7.5/go.mod h1:RyIbtBH6LamlWaDj8nUwkbUhJ87Yi3uG0guNDohfE1A=
github.com/klauspost/cpuid v1.2.1 h1:vJi+O/nMdFt0vqm8NZBI6wzALWdA2X+egi0ogNyrC/w=
github.com/klauspost/cpuid v1.2.1/go.mod h1:Pj4uuM528wm8OyEC2QMXAi2YiTZ96dNQPGgoMS4s3ek=
github.com/kr/pretty v0.1.0 h1:L/CwN0zerZDmRFUapSPitk6f+Q3+0za1rQkzVuMiMFI=
github.com/kr/pretty v0.1.0/go.mod h1:dAy3ld7l9f0ibDNOQOHHMYYIIbhfbHSm3C4ZsoJORNo=
github.com/kr/pty v1.1.1/go.mod h1:pFQYn66WHrOpPYNljwOMqo10TkYh1fy3cYio2l3bCsQ=
github.com/kr/pty v1.1.8/go.mod h1:O1sed60cT9XZ5uDucP5qwvh+TE3NnUj51EiZO/lmSfw=
github.com/kr/text v0.1.0 h1:45sCR5RtlFHMR4UwH9sdQ5TC8v0qDQCHnXt+kaKSTVE=
github.com/kr/text v0.1.0/go.mod h1:4Jbv+DJW3UT/LiOwJeYQe1efqtUx/iVham/4vfdArNI=
github.com/mattn/go-colorable v0.1.2 h1:/bC9yWikZXAL9uJdulbSfyVNIR3n3trXl+v8+1sx8mU=
github.com/mattn/go-colorable v0.1.2/go.mod h1:U0ppj6V5qS13XJ6of8GYAs25YV2eR4EVcfRqFIhoBtE=
github.com/mattn/go-isatty v0.0.8 h1:HLtExJ+uU2HOZ+wI0Tt5DtUDrx8yhUqDcp7fYERX4CE=
github.com/mattn/go-isatty v0.0.8/go.mod h1:Iq45c/XA43vh69/j3iqttzPXn0bhXyGjM0Hdxcsrc5s=
github.com/mattn/go-runewidth v0.0.4 h1:2BvfKmzob6Bmd4YsL0zygOqfdFnK7GR4QL06Do4/p7Y=
github.com/mattn/go-runewidth v0.0.4/go.mod h1:LwmH8dsx7+W8Uxz3IHJYH5QSwggIsqBzpuz5H//U1FU=
github.com/mitchellh/mapstructure v1.1.2 h1:fmNYVwqnSfB9mZU6OS2O6GsXM+wcskZDuKQzvN1EDeE=
github.com/mitchellh/mapstructure v1.1.2/go.mod h1:FVVH3fgwuzCH5S8UJGiWEs2h04kUh9fWfEaFds41c1Y=
github.com/natefinch/npipe v0.0.0-20160621034901-c1b8fa8bdcce h1:TqjP/BTDrwN7zP9xyXVuLsMBXYMt6LLYi55PlrIcq8U=
github.com/natefinch/npipe v0.0.0-20160621034901-c1b8fa8bdcce/go.mod h1:ifHPsLndGGzvgzcaXUvzmt6LxKT4pJ+uzEhtnMt+f7A=
github.com/nightlyone/lockfile v0.0.0-20180618180623-0ad87eef1443 h1:+2OJrU8cmOstEoh0uQvYemRGVH1O6xtO2oANUWHFnP0=
github.com/nightlyone/lockfile v0.0.0-20180618180623-0ad87eef1443/go.mod h1:JbxfV1Iifij2yhRjXai0oFrbpxszXHRx1E5RuM26o4Y=
github.com/olekukonko/tablewriter v0.0.1 h1:b3iUnf1v+ppJiOfNX4yxxqfWKMQPZR5yoh8urCTFX88=
github.com/olekukonko/tablewriter v0.0.1/go.mod h1:vsDQFd/mU46D+Z4whnwzcISnGGzXWMclvtLoiIKAKIo=
github.com/oxtoacart/bpool v0.0.0-20190530202638-03653db5a59c h1:rp5dCmg/yLR3mgFuSOe4oEnDDmGLROTvMragMUXpTQw=
github.com/oxtoacart/bpool v0.0.0-20190530202638-03653db5a59c/go.mod h1:X07ZCGwUbLaax7L0S3Tw4hpejzu63ZrrQiUe6W0hcy0=
github.com/pkg/errors v0.8.1 h1:iURUrRGxPUNPdy5/HRSm+Yj6okJ6UtLINN0Q9M4+h3I=
github.com/pkg/errors v0.8.1/go.mod h1:bwawxfHBFNV+L2hUp1rHADufV3IMtnDRdf1r5NINEl0=
github.com/pmezard/go-difflib v1.0.0 h1:4DBwDE0NGyQoBHbLQYPwSUPoCMWR5BEzIk/f1lZbAQM=
github.com/pmezard/go-difflib v1.0.0/go.mod h1:iKH77koFhYxTK1pcRnkKkqfTogsbg7gZNVY4sRDYZ/4=
github.com/russross/blackfriday v2.0.0+incompatible h1:cBXrhZNUf9C+La9/YpS+UHpUT8YD6Td9ZMSU9APFcsk=
github.com/russross/blackfriday v2.0.0+incompatible/go.mod h1:JO/DiYxRf+HjHt06OyowR9PTA263kcR/rfWxYHBV53g=
github.com/saintfish/chardet v0.0.0-20120816061221-3af4cd4741ca h1:NugYot0LIVPxTvN8n+Kvkn6TrbMyxQiuvKdEwFdR9vI=
github.com/saintfish/chardet v0.0.0-20120816061221-3af4cd4741ca/go.mod h1:uugorj2VCxiV1x+LzaIdVa9b4S4qGAcH6cbhh4qVxOU=
github.com/shirou/gopsutil v0.0.0-20180427012116-c95755e4bcd7/go.mod h1:5b4v6he4MtMOwMlS0TUMTu2PcXUg8+E1lC7eC3UO/RA=
github.com/shirou/gopsutil v2.18.12+incompatible/go.mod h1:5b4v6he4MtMOwMlS0TUMTu2PcXUg8+E1lC7eC3UO/RA=
github.com/shirou/w32 v0.0.0-20160930032740-bb4de0191aa4/go.mod h1:qsXQc7+bwAM3Q1u/4XEfrquwF8Lw7D7y5cD8CuHnfIc=
github.com/shurcooL/sanitized_anchor_name v1.0.0 h1:PdmoCO6wvbs+7yrJyMORt4/BmY5IYyJwS/kOiWx8mHo=
github.com/shurcooL/sanitized_anchor_name v1.0.0/go.mod h1:1NzhyTcUVG4SuEtjjoZeVRXNmyL/1OwPU0+IJeTBvfc=
github.com/skratchdot/open-golang v0.0.0-20190402232053-79abb63cd66e h1:VAzdS5Nw68fbf5RZ8RDVlUvPXNU6Z3jtPCK/qvm4FoQ=
github.com/skratchdot/open-golang v0.0.0-20190402232053-79abb63cd66e/go.mod h1:sUM3LWHvSMaG192sy56D9F7CNvL7jUJVXoqM1QKLnog=
github.com/sourcegraph/jsonrpc2 v0.0.0-20190106185902-35a74f039c6a h1:jTZwOlrDhmk4Ez2vhWh7kA0eKUahp1lCO2uyM4fi/Qk=
github.com/sourcegraph/jsonrpc2 v0.0.0-20190106185902-35a74f039c6a/go.mod h1:eESpbCslcLDs8j2D7IEdGVgul7xuk9odqDTaor30IUU=
github.com/stretchr/objx v0.1.0/go.mod h1:HFkY916IF+rwdDfMAkV7OtwuqBVzrE8GR6GFx+wExME=
github.com/stretchr/objx v0.2.0/go.mod h1:qt09Ya8vawLte6SNmTgCsAVtYtaKzEcn8ATUoHMkEqE=
github.com/stretchr/testify v1.3.0 h1:TivCn/peBQ7UY8ooIcPgZFpTNSz0Q2U6UrFlUfqbe0Q=
github.com/stretchr/testify v1.3.0/go.mod h1:M5WIy9Dh21IEIfnGCwXGc5bZfKNJtfHm1UVUgZn+9EI=
github.com/stretchr/testify v1.3.1-0.20190311161405-34c6fa2dc709 h1:Ko2LQMrRU+Oy/+EDBwX7eZ2jp3C47eDBB8EIhKTun+I=
github.com/stretchr/testify v1.3.1-0.20190311161405-34c6fa2dc709/go.mod h1:M5WIy9Dh21IEIfnGCwXGc5bZfKNJtfHm1UVUgZn+9EI=
github.com/ulikunitz/xz v0.5.6/go.mod h1:2bypXElzHzzJZwzH67Y6wb67pO62Rzfn7BSiF4ABRW8=
github.com/winlabs/gowin32 v0.0.0-20190620203850-8e8c5160a38b h1:FsUfIYBUSTrQVmaVkN7H+tnKs4pH8C5pnWejPT2+Jy8=
github.com/winlabs/gowin32 v0.0.0-20190620203850-8e8c5160a38b/go.mod h1:N51TYkG9JGR5sytj0EoPl31Xg2kuB507lxEmrwSNvfQ=
github.com/xlab/treeprint v0.0.0-20180616005107-d6fb6747feb6/go.mod h1:ce1O1j6UtZfjr22oyGxGLbauSBp2YVXpARAosm7dHBg=
github.com/xlab/treeprint v0.0.0-20181112141820-a009c3971eca/go.mod h1:ce1O1j6UtZfjr22oyGxGLbauSBp2YVXpARAosm7dHBg=
golang.org/x/crypto v0.0.0-20190308221718-c2843e01d9a2/go.mod h1:djNgcEr1/C05ACkg1iLfiJU5Ep61QUkGW8qpdssI0+w=
golang.org/x/crypto v0.0.0-20190701094942-4def268fd1a4 h1:HuIa8hRrWRSrqYzx1qI49NNxhdi2PrY7gxVSq1JjLDc=
golang.org/x/crypto v0.0.0-20190701094942-4def268fd1a4/go.mod h1:yigFU9vqHzYiE8UmvKecakEJjdnWj3jj499lnFckfCI=
golang.org/x/net v0.0.0-20190404232315-eb5bcb51f2a3/go.mod h1:t9HGtf8HONx5eT2rtn7q6eTqICYqUVnKs3thJo3Qplg=
golang.org/x/net v0.0.0-20190620200207-3b0461eec859/go.mod h1:z5CRVTTTmAJ677TzLLGU+0bjPO0LkuOLi4/5GtJWs/s=
golang.org/x/net v0.0.0-20190628185345-da137c7871d7 h1:rTIdg5QFRR7XCaK4LCjBiPbx8j4DQRpdYMnGn/bJUEU=
golang.org/x/net v0.0.0-20190628185345-da137c7871d7/go.mod h1:z5CRVTTTmAJ677TzLLGU+0bjPO0LkuOLi4/5GtJWs/s=
golang.org/x/net v0.0.0-20190724013045-ca1201d0de80 h1:Ao/3l156eZf2AW5wK8a7/smtodRU+gha3+BeqJ69lRk=
golang.org/x/net v0.0.0-20190724013045-ca1201d0de80/go.mod h1:z5CRVTTTmAJ677TzLLGU+0bjPO0LkuOLi4/5GtJWs/s=
golang.org/x/sync v0.0.0-20190423024810-112230192c58 h1:8gQV6CLnAEikrhgkHFbMAEhagSSnXWGV915qUMm9mrU=
golang.org/x/sync v0.0.0-20190423024810-112230192c58/go.mod h1:RxMgew5VJxzue5/jJTE5uejpjVlOe/izrB70Jof72aM=
golang.org/x/sys v0.0.0-20171017063910-8dbc5d05d6ed/go.mod h1:STP8DvDyc/dI5b8T5hshtkjS+E42TnysNCUPdjciGhY=
golang.org/x/sys v0.0.0-20190215142949-d0b11bdaac8a/go.mod h1:STP8DvDyc/dI5b8T5hshtkjS+E42TnysNCUPdjciGhY=
golang.org/x/sys v0.0.0-20190222072716-a9d3bda3a223/go.mod h1:STP8DvDyc/dI5b8T5hshtkjS+E42TnysNCUPdjciGhY=
golang.org/x/sys v0.0.0-20190412213103-97732733099d/go.mod h1:h1NjWce9XRLGQEsW7wpKNCjG9DtNlClVuFLEZdDNbEs=
golang.org/x/sys v0.0.0-20190626221950-04f50cda93cb h1:fgwFCsaw9buMuxNd6+DQfAuSFqbNiQZpcgJQAgJsK6k=
golang.org/x/sys v0.0.0-20190626221950-04f50cda93cb/go.mod h1:h1NjWce9XRLGQEsW7wpKNCjG9DtNlClVuFLEZdDNbEs=
golang.org/x/sys v0.0.0-20190712062909-fae7ac547cb7 h1:LepdCS8Gf/MVejFIt8lsiexZATdoGVyp5bcyS+rYoUI=
golang.org/x/sys v0.0.0-20190712062909-fae7ac547cb7/go.mod h1:h1NjWce9XRLGQEsW7wpKNCjG9DtNlClVuFLEZdDNbEs=
golang.org/x/sys v0.0.0-20190812172437-4e8604ab3aff/go.mod h1:h1NjWce9XRLGQEsW7wpKNCjG9DtNlClVuFLEZdDNbEs=
golang.org/x/text v0.3.0/go.mod h1:NqM8EUOU14njkJ3fqMW+pc6Ldnwhi/IjpwHt7yyuwOQ=
golang.org/x/text v0.3.2 h1:tW2bmiBqwgJj/UpqtC8EpXEZVYOwU0yG4iWbprSVAcs=
golang.org/x/text v0.3.2/go.mod h1:bEr9sfX3Q8Zfm5fL9x+3itogRgK3+ptLWKqgva+5dAk=
golang.org/x/time v0.0.0-20190308202827-9d24e82272b4 h1:SvFZT6jyqRaOeXpc5h/JSfZenJ2O330aBsf7JfSUXmQ=
golang.org/x/time v0.0.0-20190308202827-9d24e82272b4/go.mod h1:tRJNPiyCQ0inRvYxbN9jk5I+vvW/OXSQhTDSoE431IQ=
golang.org/x/tools v0.0.0-20180917221912-90fa682c2a6e/go.mod h1:n7NCudcB/nEzxVGmLbDWY5pfWTLqBcC2KZ6jyYvM4mQ=
golang.org/x/tools v0.0.0-20190702152245-7e72c71c505f/go.mod h1:jcCCGcm9btYwXyDqrUWc6MKQKKGJCWEQ3AfLSRIbEuI=
golang.org/x/tools v0.0.0-20190702201734-44aeb8b7c377/go.mod h1:jcCCGcm9btYwXyDqrUWc6MKQKKGJCWEQ3AfLSRIbEuI=
golang.org/x/tools v0.0.0-20190715044752-607ca053a137/go.mod h1:jcCCGcm9btYwXyDqrUWc6MKQKKGJCWEQ3AfLSRIbEuI=
golang.org/x/tools v0.0.0-20190812191214-4147ede4f82b/go.mod h1:b+2E5dAYhXwXZwtnZ6UAqBI28+e2cm9otk0dWdXHAEo=
golang.org/x/xerrors v0.0.0-20190717185122-a985d3407aa7/go.mod h1:I/5z698sn9Ka8TeJc9MKroUUfqBBauWjQqLJ2OPfmY0=
gopkg.in/alecthomas/kingpin.v2 v2.2.6 h1:jMFz6MfLP0/4fUyZle81rXUoxOBFi19VUFKVDOQfozc=
gopkg.in/alecthomas/kingpin.v2 v2.2.6/go.mod h1:FMv+mEhP44yOT+4EoQTLFTRgOQ1FBLkstjWtayDeSgw=
gopkg.in/check.v1 v0.0.0-20161208181325-20d25e280405/go.mod h1:Co6ibVJAznAaIkqp8huTwlJQCZ016jof/cbN4VW5Yz0=
gopkg.in/check.v1 v1.0.0-20180628173108-788fd7840127/go.mod h1:Co6ibVJAznAaIkqp8huTwlJQCZ016jof/cbN4VW5Yz0=
gopkg.in/natefinch/npipe.v2 v2.0.0-20160621034901-c1b8fa8bdcce h1:+JknDZhAj8YMt7GC73Ei8pv4MzjDUNPHgQWJdtMAaDU=
gopkg.in/natefinch/npipe.v2 v2.0.0-20160621034901-c1b8fa8bdcce/go.mod h1:5AcXVHNjg+BDxry382+8OKon8SEWiKktQR07RKPsv1c=
gopkg.in/yaml.v2 v2.2.1/go.mod h1:hI93XBmqTisBFMUTm0b8Fm+jr3Dg1NNxqwp+5A1VGuI=
gopkg.in/yaml.v2 v2.2.2/go.mod h1:hI93XBmqTisBFMUTm0b8Fm+jr3Dg1NNxqwp+5A1VGuI=
howett.net/plist v0.0.0-20181124034731-591f970eefbb h1:jhnBjNi9UFpfpl8YZhA9CrOqpnJdvzuiHsl/dnxl11M=
howett.net/plist v0.0.0-20181124034731-591f970eefbb/go.mod h1:vMygbs4qMhSZSc4lCUl2OEE+rDiIIJAIdR4m7MiMcm0=
rsc.io/goversion v1.0.0/go.mod h1:Eih9y/uIBS3ulggl7KNJ09xGSLcuNaLgmvvqa07sgfo=
rsc.io/goversion v1.2.0/go.mod h1:Eih9y/uIBS3ulggl7KNJ09xGSLcuNaLgmvvqa07sgfo=
xorm.io/builder v0.3.5 h1:EilU39fvWDxjb1cDaELpYhsF+zziRBhew8xk4pngO+A=
xorm.io/builder v0.3.5/go.mod h1:ZFbByS/KxZI1FKRjL05PyJ4YrK2bcxlUaAxdum5aTR8=
