crawshaw.io/iox v0.0.0-20181124134642-c51c3df30797 h1:yDf7ARQc637HoxDho7xjqdvO5ZA2Yb+xzv/fOnnvZzw=
crawshaw.io/iox v0.0.0-20181124134642-c51c3df30797/go.mod h1:sXBiorCo8c46JlQV3oXPKINnZ8mcqnye1EkVkqsectk=
crawshaw.io/sqlite v0.0.0-20180630230157-e1ae9c3865ec h1:Px2+NszB2r8bG1dvsZCD02ZwjghxqlMeLS3s3YOkcLw=
crawshaw.io/sqlite v0.0.0-20180630230157-e1ae9c3865ec/go.mod h1:BZaitnE9BVpocOuCdi/y5XReJMUelG53e/rDSLwSFzY=
github.com/BurntSushi/toml v0.0.0-20170626110600-a368813c5e64 h1:BuYewlQyh/jroxY8qx41SrzD8Go17GkyCyAeVmprvQI=
github.com/BurntSushi/toml v0.0.0-20170626110600-a368813c5e64/go.mod h1:xHWCNGjB5oqiDr8zfno3MHue2Ht5sIBksp03qcyfWMU=
github.com/DHowett/go-plist v0.0.0-20180609054337-500bd5b9081b h1:WFNhl1+1ofCWWdNFEhut77cmuMXjJYYvkEVloDdaUCI=
github.com/DHowett/go-plist v0.0.0-20180609054337-500bd5b9081b/go.mod h1:5paT5ZDrOm8eAJPem2Bd+q3FTi3Gxm/U4tb2tH8YIUQ=
github.com/Datadog/zstd v1.3.4 h1:lhtS5VElphu10R4z9aG9QXz2pemOl/hwxFE1qNmoBa8=
github.com/Datadog/zstd v1.3.4/go.mod h1:uZOuN0I34OW4Fyre2sFFjRfDdkTANjNH+PT5Ta1E8P0=
github.com/alecthomas/assert v0.0.0-20170929043011-405dbfeb8e38 h1:smF2tmSOzy2Mm+0dGI2AIUHY+w0BUc+4tn40djz7+6U=
github.com/alecthomas/assert v0.0.0-20170929043011-405dbfeb8e38/go.mod h1:r7bzyVFMNntcxPZXK3/+KdruV1H5KSlyVY0gc+NgInI=
github.com/alecthomas/colour v0.0.0-20160524082231-60882d9e2721 h1:JHZL0hZKJ1VENNfmXvHbgYlbUOvpzYzvy2aZU5gXVeo=
github.com/alecthomas/colour v0.0.0-20160524082231-60882d9e2721/go.mod h1:QO9JBoKquHd+jz9nshCh40fOfO+JzsoXy8qTHF68zU0=
github.com/alecthomas/repr v0.0.0-20181024024818-d37bc2a10ba1 h1:GDQdwm/gAcJcLAKQQZGOJ4knlw+7rfEQQcmwTbt4p5E=
github.com/alecthomas/repr v0.0.0-20181024024818-d37bc2a10ba1/go.mod h1:xTS7Pm1pD1mvyM075QCDSRqH6qRLXylzS24ZTpRiSzQ=
github.com/alecthomas/template v0.0.0-20160405071501-a0175ee3bccc h1:cAKDfWh5VpdgMhJosfJnn5/FoN2SRZ4p7fJNX58YPaU=
github.com/alecthomas/template v0.0.0-20160405071501-a0175ee3bccc/go.mod h1:LOuyumcjzFXgccqObfd/Ljyb9UuFJ6TxHnclSeseNhc=
github.com/alecthomas/units v0.0.0-20151022065526-2efee857e7cf h1:qet1QNfXsQxTZqLG4oE62mJzwPIB8+Tee4RNCL9ulrY=
github.com/alecthomas/units v0.0.0-20151022065526-2efee857e7cf/go.mod h1:ybxpYRFXyAe+OPACYpWeL0wqObRcbAqCMya13uyzqw0=
github.com/arbovm/levenshtein v0.0.0-20160628152529-48b4e1c0c4d0 h1:jfIu9sQUG6Ig+0+Ap1h4unLjW6YQJpKZVmUzxsD4E/Q=
github.com/arbovm/levenshtein v0.0.0-20160628152529-48b4e1c0c4d0/go.mod h1:t2tdKJDJF9BV14lnkjHmOQgcvEKgtqs5a1N3LNdJhGE=
github.com/aristanetworks/goarista v0.0.0-20190409235741-55bc7be9dd31 h1:uhayDEZWYugBbZwsMqYuQNUmQCIhE+aVSGs374VUk6M=
github.com/aristanetworks/goarista v0.0.0-20190409235741-55bc7be9dd31/go.mod h1:D/tb0zPVXnP7fmsLZjtdUhSsumbK/ij54UXjjVgMGxQ=
github.com/asaskevich/govalidator v0.0.0-20180319081651-7d2e70ef918f h1:/8NcnxL60YFll4ehCwibKotx0BR9v2ND40fomga8qDs=
github.com/asaskevich/govalidator v0.0.0-20180319081651-7d2e70ef918f/go.mod h1:lB+ZfQJz7igIIfQNfa7Ml4HSf2uFQQRzpGGRXenZAgY=
github.com/basgys/goxml2json v1.1.0 h1:4ln5i4rseYfXNd86lGEB+Vi652IsIXIvggKM/BhUKVw=
github.com/basgys/goxml2json v1.1.0/go.mod h1:wH7a5Np/Q4QoECFIU8zTQlZwZkrilY0itPfecMw41Dw=
github.com/bitly/go-simplejson v0.5.0 h1:6IH+V8/tVMab511d5bn4M7EwGXZf9Hj6i2xSwkNEM+Y=
github.com/bitly/go-simplejson v0.5.0/go.mod h1:cXHtHw4XUPsvGaxgjIAn8PhEWG9NfngEKAMDJEczWVA=
github.com/bmizerany/assert v0.0.0-20160611221934-b7ed37b82869 h1:DDGfHa7BWjL4YnC6+E63dPcxHo2sUxDIu8g3QgEJdRY=
github.com/bmizerany/assert v0.0.0-20160611221934-b7ed37b82869/go.mod h1:Ekp36dRnpXw/yCqJaO+ZrUyxD+3VXMFFr56k5XYrpB4=
github.com/davecgh/go-spew v0.0.0-20180830191138-d8f796af33cc h1:yjqBI4w+3eJOAftNV/wJMd1dlOBQwHZWQYrnJpYpoBg=
github.com/davecgh/go-spew v0.0.0-20180830191138-d8f796af33cc/go.mod h1:J7Y8YcW2NihsgmVo/mv3lAwl/skON4iLHjSsI+c5H38=
github.com/dchest/safefile v0.0.0-20151022103144-855e8d98f185 h1:3T8ZyTDp5QxTx3NU48JVb2u+75xc040fofcBaN+6jPA=
github.com/dchest/safefile v0.0.0-20151022103144-855e8d98f185/go.mod h1:cFRxtTwTOJkz2x3rQUNCYKWC93yP1VKjR8NUhqFxZNU=
github.com/dustin/go-humanize v1.0.0 h1:VSnTsYCnlFHaM2/igO1h6X3HA71jcobQuxemgkq4zYo=
github.com/dustin/go-humanize v1.0.0/go.mod h1:HtrtbFcZ19U5GC7JDqmcUSB87Iq5E25KnS6fMYU6eOk=
github.com/dustinkirkland/golang-petname v0.0.0-20170921220637-d3c2ba80e75e h1:bRcq7ruHMqCVB/ugLbBylx+LrccNACFDEaqAD/aZ80Q=
github.com/dustinkirkland/golang-petname v0.0.0-20170921220637-d3c2ba80e75e/go.mod h1:V+Qd57rJe8gd4eiGzZyg4h54VLHmYVVw54iMnlAMrF8=
github.com/efarrer/iothrottler v0.0.0-20141121142253-60e7e547c7fe h1:WAx1vRufH0I2pTWldQkXPzpc+jndCOi2FH334LFQ1PI=
github.com/efarrer/iothrottler v0.0.0-20141121142253-60e7e547c7fe/go.mod h1:zjXkUoNEq44qYz/1TlzBhN2W21rDU3HvDBiJWQAZTq8=
github.com/fatih/color v0.0.0-20181010231311-3f9d52f7176a h1:uGz8bS2tdMYpIjzS/ccMHV4H127Wz//pxlx7dN5qHB4=
github.com/fatih/color v0.0.0-20181010231311-3f9d52f7176a/go.mod h1:Zm6kSWBoL9eyXnKyktHP6abPY2pDugNf5KwzbycvMj4=
github.com/fatih/structtag v0.1.0 h1:l4PD+O/sJ5iSvou7UoLjxhNgpb23b+cq2mBYhrQ2hP0=
github.com/fatih/structtag v0.1.0/go.mod h1:IKitwq45uXL/yqi5mYghiD3w9H6eTOvI9vnk8tXMphA=
github.com/getlantern/context v0.0.0-20160525112039-624d99b1798d h1:UIZcMnqh939ljD/jzHgDTLehvwaBRNt2o3WMlyYplNY=
github.com/getlantern/context v0.0.0-20160525112039-624d99b1798d/go.mod h1:L+mq6/vvYHKjCX2oez0CgEAJmbq1fbb/oNJIWQkBybY=
github.com/getlantern/errors v0.0.0-20160829164957-99fa440517e8 h1:OfAPCADk1jAiEgd2GQuvoiqo3EATr/q9084WpWh6XPE=
github.com/getlantern/errors v0.0.0-20160829164957-99fa440517e8/go.mod h1:l+xpFBrCtDLpK9qNjxs+cHU6+BAdlBaxHqikB6Lku3A=
github.com/getlantern/fdcount v0.0.0-20170105153814-6a6cb5839bc5 h1:8Q9iN/V24EG01IgXEKVScth/rTXpplBxCYio/yIKtUw=
github.com/getlantern/fdcount v0.0.0-20170105153814-6a6cb5839bc5/go.mod h1:XZwE+iIlAgr64OFbXKFNCllBwV4wEipPx8Hlo2gZdbM=
github.com/getlantern/golog v0.0.0-20160829165107-e69a4a00c012 h1:B3SwFDW4GQbGyGP5Xn5xdhhjP+sPuDYTVSxaPu5uwbI=
github.com/getlantern/golog v0.0.0-20160829165107-e69a4a00c012/go.mod h1:Vwx1Cg64gCdIalad44uvQsKZw6LsVczIKZrUBStEjVw=
github.com/getlantern/hex v0.0.0-20160523043825-083fba3033ad h1:L/UatDVr6opOJnZdZnGwhFXjoIUwO6RHULxPyzb60L4=
github.com/getlantern/hex v0.0.0-20160523043825-083fba3033ad/go.mod h1:dD3CgOrwlzca8ed61CsZouQS5h5jIzkK9ZWrTcf0s+o=
github.com/getlantern/hidden v0.0.0-20160523043807-d52a649ab33a h1:gF6WQx7V8q91bBC4MUWOuKnWjUcDDi27d1zMdB0hPnM=
github.com/getlantern/hidden v0.0.0-20160523043807-d52a649ab33a/go.mod h1:6mmzY2kW1TOOrVy+r41Za2MxXM+hhqTtY3oBKd2AgFA=
github.com/getlantern/idletiming v0.0.0-20160829164722-7e0189052a9c h1:yPSyuOC3KeMbS7Fj4vwbCl6fUvPJhM4NfDyB27cvNWw=
github.com/getlantern/idletiming v0.0.0-20160829164722-7e0189052a9c/go.mod h1:MGP8kEgZGgAhvHISt0hJGQgxg/VAqGdw3+kSZBnfC/4=
github.com/getlantern/mtime v0.0.0-20170117193331-ba114e4a82b0 h1:1VNkP55LM/W2IwWN+qi+5X3gZcEQHfj8X9E+FNxVgM4=
github.com/getlantern/mtime v0.0.0-20170117193331-ba114e4a82b0/go.mod h1:u537FS7ld4Whf7h7/0ql/myAudWWBNgeRhgE9XXH4Pk=
github.com/getlantern/ops v0.0.0-20160607132800-b70875f5d689 h1:qCAL+BksNqxU1yR6vb99bJzZOsbJ7M3DDrrS8odn/20=
github.com/getlantern/ops v0.0.0-20160607132800-b70875f5d689/go.mod h1:D5ao98qkA6pxftxoqzibIBBrLSUli+kYnJqrgBf9cIA=
github.com/getlantern/stack v0.0.0-20160516001742-02f928aad224 h1:Ks+jtBnYA9DFgQjSQb+GafPRcy1IkO55AenpmTB4aMk=
github.com/getlantern/stack v0.0.0-20160516001742-02f928aad224/go.mod h1:jFmW3KH+iSAt2vUkjB2vyM+SAxvdpIHa4PpAakJHO0w=
github.com/go-ozzo/ozzo-validation v0.0.0-20180322184344-2c68ddd4ffc1 h1:SOIr4byOxNOKxTDd6OpINQZISGH6Y3vX1zevNe+J7hs=
github.com/go-ozzo/ozzo-validation v0.0.0-20180322184344-2c68ddd4ffc1/go.mod h1:gsEKFIVnabGBt6mXmxK0MoFy+cZoTJY6mu5Ll3LVLBU=
github.com/go-xorm/builder v0.2.0 h1:Y37Tpfjaop2TbD0nM0kgGiM5n9bpou7vSWpfIMFHmAk=
github.com/go-xorm/builder v0.2.0/go.mod h1:v8mE3MFBgtL+RGFNfUnAMUqqfk/Y4W5KuwCFQIEpQLk=
github.com/gogits/chardet v0.0.0-20150115103509-2404f7772561 h1:deE7ritpK04PgtpyVOS2TYcQEld9qLCD5b5EbVNOuLA=
github.com/gogits/chardet v0.0.0-20150115103509-2404f7772561/go.mod h1:YgYOrVn3Nj9Tq0EvjmFbphRytDj7JNRoWSStJZWDJTQ=
github.com/golang/protobuf v0.0.0-20160930204858-df1d3ca07d2d h1:THgtaeKocdlJrzf0jwy5JNrYAk+YObQ/I5Rdmsvrxto=
github.com/golang/protobuf v0.0.0-20160930204858-df1d3ca07d2d/go.mod h1:6lQm79b+lXiMfvg/cZm0SGofjICqVBUtrP5yJMmIC1U=
github.com/google/gops v0.0.0-20180903072510-f341a40f99ec h1:XrP6ly9NsyrNahXMD9u0BNTRsHXGDO2YkKYuonFiQ5A=
github.com/google/gops v0.0.0-20180903072510-f341a40f99ec/go.mod h1:pMQgrscwEK/aUSW1IFSaBPbJX82FPHWaSoJw1axQfD0=
github.com/google/uuid v0.0.0-20171129191014-dec09d789f3d h1:rXQlD9GXkjA/PQZhmEaF/8Pj/sJfdZJK7GJG0gkS8I0=
github.com/google/uuid v0.0.0-20171129191014-dec09d789f3d/go.mod h1:TIyPZe4MgqvfeYDBFedMoGGpEw/LqOeaOT+nhxU+yHo=
github.com/gorilla/handlers v0.0.0-20180508193452-13a38d26174b h1:vvdKBmZZ8n/A08yO1KASAkMmWnBykmztCNyjWlE+Yag=
github.com/gorilla/handlers v0.0.0-20180508193452-13a38d26174b/go.mod h1:Qkdc/uu4tH4g6mTK6auzZ766c4CA0Ng8+o/OAirnOIQ=
github.com/gorilla/mux v0.0.0-20181030152528-3d80bc801bb0 h1:YgBMKQ7PiC1CepcIEzovEjm4knoYycNpz/81l6rpS2s=
github.com/gorilla/mux v0.0.0-20181030152528-3d80bc801bb0/go.mod h1:1lud6UwP+6orDFRuTfBEV8e9/aOM/c4fVVCaMa2zaAs=
github.com/gorilla/websocket v1.4.0 h1:WDFjx/TMzVgy9VdMMQi2K2Emtwi2QcUQsztZ/zLaH/Q=
github.com/gorilla/websocket v1.4.0/go.mod h1:E7qHFY5m1UJ88s3WnNqhKjPHQ0heANvMoAMk2YaljkQ=
github.com/hashicorp/golang-lru v0.0.0-20180201184207-d47b7dcae7b7 h1:4YJDGEVdTqLKaCOxqIAPhUlcm2DPFXmfELMvEAmcb7Y=
github.com/hashicorp/golang-lru v0.0.0-20180201184207-d47b7dcae7b7/go.mod h1:/m3WP610KZHVQ1SGc6re/UDhFvYD7pJ4Ao+sR/qLZy8=
github.com/itchio/arkive v0.0.0-20180910214514-fc46d4d216ca h1:7GwKWo5CneaxzdUZ4/GJTna2L7wMtIgYy6M7MK0XoEc=
github.com/itchio/arkive v0.0.0-20180910214514-fc46d4d216ca/go.mod h1:AsMFt+VBCAYG/iC+CGwl1QVas0r8ogUn69kJkf96rLE=
github.com/itchio/boar v0.0.0-20190426202038-89942775bae3 h1:kCx97Ms4tJjNMaUfVqMHn0AAWn/2Am9ZGDCYC6pgJUY=
github.com/itchio/boar v0.0.0-20190426202038-89942775bae3/go.mod h1:cjQJ1CR+0zj+ENvk2DiqN7XnvOb3Ntnobtze8deKF6o=
github.com/itchio/damage v0.0.0-20181101150005-e04232042937 h1:gl5Iv54EqbdupsK2usPvwBRFxZp6zo3rHDqzxcyoYOU=
github.com/itchio/damage v0.0.0-20181101150005-e04232042937/go.mod h1:9T927Z++z731PhAiUKAV1AOWXDboe1/Jzzm+NMUohT0=
github.com/itchio/dash v0.0.0-20190210114845-02bdaa9bde01 h1:BjN6hhQN9mTmCO0Y7OqADfdhocHPyBDl4FhkVCudgjo=
github.com/itchio/dash v0.0.0-20190210114845-02bdaa9bde01/go.mod h1:fobNtyFPe4kV/h6vJms1DOoK6RORobnG3B1ha79sneo=
github.com/itchio/dmcunrar-go v0.0.0-20190426195638-dc196bffe321 h1:3L0us+xU/gItkcosSAEkTKbt0Dbi5hlcVV44YErk+s4=
github.com/itchio/dmcunrar-go v0.0.0-20190426195638-dc196bffe321/go.mod h1:y7/obhn51aaC7tEggcQnWB3iMMeM3D1YHXLk6fsrduY=
github.com/itchio/dskompress v0.0.0-20180114183327-75b00f4ea5db h1:gshksokGmYTBiS+yg0kbprN9GSd+ZFhbaJFlWNHzfJo=
github.com/itchio/dskompress v0.0.0-20180114183327-75b00f4ea5db/go.mod h1:MsJsjySUL2hfxYwXq+T4P6Qo0EtiXcd1ED5zTX556To=
github.com/itchio/elefant v0.0.0-20190122200929-daca147fcecd h1:AXk3BrosPn1f/txJsjAPC6eUBrtSwiLGLaKaGspBOgI=
github.com/itchio/elefant v0.0.0-20190122200929-daca147fcecd/go.mod h1:yae9e+wmuvRtgwK5Zz06oXyol3fcxYmG1/gN5zKCaL0=
github.com/itchio/go-brotli v0.0.0-20180109133403-29899a447037 h1:1pJjH7sCrA4WeqRGVUbSHcUSJPPlYkjH8JZH7Gescy8=
github.com/itchio/go-brotli v0.0.0-20180109133403-29899a447037/go.mod h1:phRC2CNxEo1e9F0o8pk6Vbll+3oDlrHKOLXKnTUJ7Q4=
github.com/itchio/go-itchio v0.0.0-20181205213537-de29eb368359 h1:oUYXA9l0xjNMuE+YfgG5MZg2fZEgvUyf5vIZesGImoo=
github.com/itchio/go-itchio v0.0.0-20181205213537-de29eb368359/go.mod h1:A8elNWnHkLkEFWYZBVksN7Azy6n8/wmgqMB7s8fUGUU=
github.com/itchio/hades v0.0.0-20180911114521-81c1bfd13d1d h1:3vrXGaHvuxlNkGgN6niFSN1cKDDCaIwQptoo4MBEqp8=
github.com/itchio/hades v0.0.0-20180911114521-81c1bfd13d1d/go.mod h1:uThrqSYGtGteDp8MsWlioUWr/kLVXRB+LPebSdfFoxg=
github.com/itchio/httpkit v0.0.0-20190315213018-f7051ef34545 h1:6byMAUEYy4M2rf3o0Dif7GzMuaqRsDfwjAXaMlhD9T4=
github.com/itchio/httpkit v0.0.0-20190315213018-f7051ef34545/go.mod h1:JeLW5g3IwA9IZWsBRxH4n8kH1HNFzIwsOSf5Kccc5Do=
github.com/itchio/kompress v0.0.0-20180114163554-a19876f8c9b7 h1:gqIRCYkzS+k4wU9bkNTeHuvsx9y1/c4nO7Tlfa2GFUw=
github.com/itchio/kompress v0.0.0-20180114163554-a19876f8c9b7/go.mod h1:cndTC6AwISkqfqzv503ekq6c7StsrYHGi3pJ9NEYLhs=
github.com/itchio/lzma v0.0.0-20190426175107-4d7449869289 h1:P+lAnMJAIY+BIzralkDS13aSJiXRVCIr4YHO3os1Y9k=
github.com/itchio/lzma v0.0.0-20190426175107-4d7449869289/go.mod h1:CacUOfxqprQN/CaPKMHD4dbU7XJumYFXF8nbg2HMQ7Q=
github.com/itchio/mitch v0.0.0-20190426220049-2f3e7d9e51df h1:Cl3TXqusKzGEd4AfAJGoNs4iTrMCY1CVfOrSnvPTDZ8=
github.com/itchio/mitch v0.0.0-20190426220049-2f3e7d9e51df/go.mod h1:HZmZ8NzdtgrbyfBr3HE/wFON3Gd6lIPGkISyRX6Ntm4=
github.com/itchio/ox v0.0.0-20180917160415-e1e80a5e22b0 h1:s+tW5YYK6U81Mslch5XNNh9I6PwAAPpPjW+JiTo7smc=
github.com/itchio/ox v0.0.0-20180917160415-e1e80a5e22b0/go.mod h1:40+Eo2tT4aqzrZB/UGMW9yiwoZE9ttF+DhfAJSmmoDw=
github.com/itchio/pelican v0.0.0-20180522163416-5424a0314144 h1:3T6RU1H+oqFHbpfaAoaOZYWgTAWm2Isjq/P386Y8iLA=
github.com/itchio/pelican v0.0.0-20180522163416-5424a0314144/go.mod h1:/hOAG2uYeWgYwYRaFyQ7+jM3lE/6tbkSUg0BZ4sbMnQ=
github.com/itchio/savior v0.0.0-20190430155913-9d507713b837 h1:l6xA+7sk+9dogSTw1CPX/voRGWmzW0E68dRe6jpl8tg=
github.com/itchio/savior v0.0.0-20190430155913-9d507713b837/go.mod h1:4w1REDB38i9+DIVw2+3X2w3FpW5K8v8rcO7OV7GaDs8=
github.com/itchio/sevenzip-go v0.0.0-20180522164139-4659fbb95b94 h1:90YuKr8UR9WyaOB8isQoP2mBj28nchS8yQ5LHPosFWw=
github.com/itchio/sevenzip-go v0.0.0-20180522164139-4659fbb95b94/go.mod h1:IJYkxTamK2jN1nwUncooDJvhtlSOGR3mlFwZYPiNvZQ=
github.com/itchio/smaug v0.0.0-20181026110157-5c88b6a507f3 h1:Eyci8BXx76Yf01503pcGY/3DWVDpI4Q9Oyoa9COUznU=
github.com/itchio/smaug v0.0.0-20181026110157-5c88b6a507f3/go.mod h1:KXhexUXwaqYUPwAc/uNFs8Gu/0GJplEm3458/+2zLFU=
github.com/itchio/spellbook v0.0.0-20180418160133-98649825c402 h1:jUVXjeqHLLkaiglL7McQL/AESGHi4hmtJVfrnAfisy4=
github.com/itchio/spellbook v0.0.0-20180418160133-98649825c402/go.mod h1:Y2b1VGFd2V2/8I6tOoYyigtqj7DMMae3YGyaAUVlDLg=
github.com/itchio/wharf v0.0.0-20181213151321-b6e2224b287c h1:he+wfOFrHUKrY+0WzMa4yuKSW9d4Qz4tputqX18lbIM=
github.com/itchio/wharf v0.0.0-20181213151321-b6e2224b287c/go.mod h1:+POTUNOKzhCiFy3BM0Qb7RHLTHazlOcypTnt7QbOeks=
github.com/itchio/wizardry v0.0.0-20180522163802-8b25a114f797 h1:YA0p8QtxY9XWGfGG5+b5+Zdx4kFvCPGTQFXUQwHZDQQ=
github.com/itchio/wizardry v0.0.0-20180522163802-8b25a114f797/go.mod h1:2NOKk+1DV5yVp3J8uZ/VnZsxJ6uJTb8SRvCSItYfgy8=
github.com/jgallagher/gosaca v0.0.0-20130226042358-754749770f08 h1:VlCjOBMvVsqr/L/w7k4CW8WEQog5Hj53CihNyYyvvo4=
github.com/jgallagher/gosaca v0.0.0-20130226042358-754749770f08/go.mod h1:iU7U0LShC+6Wjkkymyl3dpCZyiDSGnY4N4DY+xt3yNg=
github.com/jinzhu/inflection v0.0.0-20170102125226-1c35d901db3d h1:jRQLvyVGL+iVtDElaEIDdKwpPqUIZJfzkNLV34htpEc=
github.com/jinzhu/inflection v0.0.0-20170102125226-1c35d901db3d/go.mod h1:h+uFLlag+Qp1Va5pdKtLDYj+kHp5pxUVkryuEj+Srlc=
github.com/kardianos/osext v0.0.0-20190222173326-2bc1f35cddc0 h1:iQTw/8FWTuc7uiaSepXwyf3o52HaUYcV+Tu66S3F5GA=
github.com/kardianos/osext v0.0.0-20190222173326-2bc1f35cddc0/go.mod h1:1NbS8ALrpOvjt0rHPNLyCIeMtbizbir8U//inJ+zuB8=
github.com/kballard/go-shellquote v0.0.0-20150810074751-d8ec1a69a250 h1:QyPDU73WRl/8CnuK3JltZLLuNhL3E4o3BROt4g8nFf0=
github.com/kballard/go-shellquote v0.0.0-20150810074751-d8ec1a69a250/go.mod h1:CzGEWj7cYgsdH8dAjBGEr58BoE7ScuLd+fwFZ44+/x8=
github.com/klauspost/compress v0.0.0-20171104144246-ea08389e0dc4 h1:GkAvcsEy81kghXwY7JKvRvDX3aDefPE8iXRzCTZHH1Q=
github.com/klauspost/compress v0.0.0-20171104144246-ea08389e0dc4/go.mod h1:RyIbtBH6LamlWaDj8nUwkbUhJ87Yi3uG0guNDohfE1A=
github.com/klauspost/cpuid v0.0.0-20171118205520-eae9b3e628d7 h1:Xor+srXM2OC8JlET4wje59jMPwNCKuaRf0uKdBbT5EE=
github.com/klauspost/cpuid v0.0.0-20171118205520-eae9b3e628d7/go.mod h1:Pj4uuM528wm8OyEC2QMXAi2YiTZ96dNQPGgoMS4s3ek=
github.com/kr/pretty v0.1.0 h1:L/CwN0zerZDmRFUapSPitk6f+Q3+0za1rQkzVuMiMFI=
github.com/kr/pretty v0.1.0/go.mod h1:dAy3ld7l9f0ibDNOQOHHMYYIIbhfbHSm3C4ZsoJORNo=
github.com/kr/pty v1.1.1/go.mod h1:pFQYn66WHrOpPYNljwOMqo10TkYh1fy3cYio2l3bCsQ=
github.com/kr/text v0.1.0 h1:45sCR5RtlFHMR4UwH9sdQ5TC8v0qDQCHnXt+kaKSTVE=
github.com/kr/text v0.1.0/go.mod h1:4Jbv+DJW3UT/LiOwJeYQe1efqtUx/iVham/4vfdArNI=
github.com/mattn/go-colorable v0.1.1 h1:G1f5SKeVxmagw/IyvzvtZE4Gybcc4Tr1tf7I8z0XgOg=
github.com/mattn/go-colorable v0.1.1/go.mod h1:FuOcm+DKB9mbwrcAfNl7/TZVBZ6rcnceauSikq3lYCQ=
github.com/mattn/go-isatty v0.0.5/go.mod h1:Iq45c/XA43vh69/j3iqttzPXn0bhXyGjM0Hdxcsrc5s=
github.com/mattn/go-isatty v0.0.7 h1:UvyT9uN+3r7yLEYSlJsbQGdsaB/a0DlgWP3pql6iwOc=
github.com/mattn/go-isatty v0.0.7/go.mod h1:Iq45c/XA43vh69/j3iqttzPXn0bhXyGjM0Hdxcsrc5s=
github.com/mattn/go-runewidth v0.0.3 h1:a+kO+98RDGEfo6asOGMmpodZq4FNtnGP54yps8BzLR4=
github.com/mattn/go-runewidth v0.0.3/go.mod h1:LwmH8dsx7+W8Uxz3IHJYH5QSwggIsqBzpuz5H//U1FU=
github.com/mitchellh/mapstructure v0.0.0-20180220230111-00c29f56e238 h1:+MZW2uvHgN8kYvksEN3f7eFL2wpzk0GxmlFsMybWc7E=
github.com/mitchellh/mapstructure v0.0.0-20180220230111-00c29f56e238/go.mod h1:FVVH3fgwuzCH5S8UJGiWEs2h04kUh9fWfEaFds41c1Y=
github.com/natefinch/npipe v0.0.0-20160621034901-c1b8fa8bdcce h1:TqjP/BTDrwN7zP9xyXVuLsMBXYMt6LLYi55PlrIcq8U=
github.com/natefinch/npipe v0.0.0-20160621034901-c1b8fa8bdcce/go.mod h1:ifHPsLndGGzvgzcaXUvzmt6LxKT4pJ+uzEhtnMt+f7A=
github.com/nightlyone/lockfile v0.0.0-20170804114028-6a197d5ea611 h1:dJA8OtA0V3XJ3MvZKU8tOlrXenaGOypfPHSi2JWgBto=
github.com/nightlyone/lockfile v0.0.0-20170804114028-6a197d5ea611/go.mod h1:JbxfV1Iifij2yhRjXai0oFrbpxszXHRx1E5RuM26o4Y=
github.com/olekukonko/tablewriter v0.0.0-20180506121414-d4647c9c7a84 h1:fiKJgB4JDUd43CApkmCeTSQlWjtTtABrU2qsgbuP0BI=
github.com/olekukonko/tablewriter v0.0.0-20180506121414-d4647c9c7a84/go.mod h1:vsDQFd/mU46D+Z4whnwzcISnGGzXWMclvtLoiIKAKIo=
github.com/oxtoacart/bpool v0.0.0-20150712133111-4e1c5567d7c2 h1:CXwSGu/LYmbjEab5aMCs5usQRVBGThelUKBNnoSOuso=
github.com/oxtoacart/bpool v0.0.0-20150712133111-4e1c5567d7c2/go.mod h1:L3UMQOThbttwfYRNFOWLLVXMhk5Lkio4GGOtw5UrxS0=
github.com/pkg/errors v0.0.0-20180311214515-816c9085562c h1:F5RoIh7F9wB47PvXvpP1+Ihq1TkyC8iRdvwfKkESEZQ=
github.com/pkg/errors v0.0.0-20180311214515-816c9085562c/go.mod h1:bwawxfHBFNV+L2hUp1rHADufV3IMtnDRdf1r5NINEl0=
github.com/pmezard/go-difflib v1.0.0 h1:4DBwDE0NGyQoBHbLQYPwSUPoCMWR5BEzIk/f1lZbAQM=
github.com/pmezard/go-difflib v1.0.0/go.mod h1:iKH77koFhYxTK1pcRnkKkqfTogsbg7gZNVY4sRDYZ/4=
github.com/saintfish/chardet v0.0.0-20120816061221-3af4cd4741ca h1:NugYot0LIVPxTvN8n+Kvkn6TrbMyxQiuvKdEwFdR9vI=
github.com/saintfish/chardet v0.0.0-20120816061221-3af4cd4741ca/go.mod h1:uugorj2VCxiV1x+LzaIdVa9b4S4qGAcH6cbhh4qVxOU=
github.com/sergi/go-diff v0.0.0-20180205163309-da645544ed44 h1:UoZTeCJuGZpwXXqamtSHypwjqpyGdR9smB5iMleBDJ8=
github.com/sergi/go-diff v0.0.0-20180205163309-da645544ed44/go.mod h1:0CfEIISq7TuYL3j771MWULgwwjU+GofnZX9QAmXWZgo=
github.com/shurcooL/sanitized_anchor_name v0.0.0-20170918181015-86672fcb3f95 h1:/vdW8Cb7EXrkqWGufVMES1OH2sU9gKVb2n9/1y5NMBY=
github.com/shurcooL/sanitized_anchor_name v0.0.0-20170918181015-86672fcb3f95/go.mod h1:1NzhyTcUVG4SuEtjjoZeVRXNmyL/1OwPU0+IJeTBvfc=
github.com/skratchdot/open-golang v0.0.0-20160302144031-75fb7ed4208c h1:fyKiXKO1/I/B6Y2U8T7WdQGWzwehOuGIrljPtt7YTTI=
github.com/skratchdot/open-golang v0.0.0-20160302144031-75fb7ed4208c/go.mod h1:sUM3LWHvSMaG192sy56D9F7CNvL7jUJVXoqM1QKLnog=
github.com/sourcegraph/jsonrpc2 v0.0.0-20170802185046-c6c7b9aa99fb h1:4jKAsBByL5OHXuKYfmVKBaxRUjcoQ7pAGGSnJJlAqTo=
github.com/sourcegraph/jsonrpc2 v0.0.0-20170802185046-c6c7b9aa99fb/go.mod h1:eESpbCslcLDs8j2D7IEdGVgul7xuk9odqDTaor30IUU=
github.com/stretchr/testify v0.0.0-20180319074357-380174f817a0 h1:JU56eZydf/KPebXXpZDZX1mpad27f7TptjpjsevWDy8=
github.com/stretchr/testify v0.0.0-20180319074357-380174f817a0/go.mod h1:a8OnRcib4nhh0OaRAV+Yts87kKdq0PP7pXfy6kDkUVs=
github.com/winlabs/gowin32 v0.0.0-20160920184310-5ad1626a4409 h1:XRZ0JpG3rMMRbB+YLlkeuwxFOXDSN+3kL1Qz5QircZk=
github.com/winlabs/gowin32 v0.0.0-20160920184310-5ad1626a4409/go.mod h1:N51TYkG9JGR5sytj0EoPl31Xg2kuB507lxEmrwSNvfQ=
golang.org/x/crypto v0.0.0-20190308221718-c2843e01d9a2 h1:VklqNMn3ovrHsnt90PveolxSbWFaJdECFbxSq0Mqo2M=
golang.org/x/crypto v0.0.0-20190308221718-c2843e01d9a2/go.mod h1:djNgcEr1/C05ACkg1iLfiJU5Ep61QUkGW8qpdssI0+w=
golang.org/x/net v0.0.0-20190424112056-4829fb13d2c6 h1:FP8hkuE6yUEaJnK7O2eTuejKWwW+Rhfj80dQ2JcKxCU=
golang.org/x/net v0.0.0-20190424112056-4829fb13d2c6/go.mod h1:t9HGtf8HONx5eT2rtn7q6eTqICYqUVnKs3thJo3Qplg=
golang.org/x/sync v0.0.0-20190423024810-112230192c58 h1:8gQV6CLnAEikrhgkHFbMAEhagSSnXWGV915qUMm9mrU=
golang.org/x/sync v0.0.0-20190423024810-112230192c58/go.mod h1:RxMgew5VJxzue5/jJTE5uejpjVlOe/izrB70Jof72aM=
golang.org/x/sys v0.0.0-20190215142949-d0b11bdaac8a/go.mod h1:STP8DvDyc/dI5b8T5hshtkjS+E42TnysNCUPdjciGhY=
golang.org/x/sys v0.0.0-20190222072716-a9d3bda3a223 h1:DH4skfRX4EBpamg7iV4ZlCpblAHI6s6TDM39bFZumv8=
golang.org/x/sys v0.0.0-20190222072716-a9d3bda3a223/go.mod h1:STP8DvDyc/dI5b8T5hshtkjS+E42TnysNCUPdjciGhY=
golang.org/x/sys v0.0.0-20190426135247-a129542de9ae h1:mQLHiymj/JXKnnjc62tb7nD5pZLs940/sXJu+Xp3DBA=
golang.org/x/sys v0.0.0-20190426135247-a129542de9ae/go.mod h1:h1NjWce9XRLGQEsW7wpKNCjG9DtNlClVuFLEZdDNbEs=
golang.org/x/text v0.3.0/go.mod h1:NqM8EUOU14njkJ3fqMW+pc6Ldnwhi/IjpwHt7yyuwOQ=
golang.org/x/text v0.3.2 h1:tW2bmiBqwgJj/UpqtC8EpXEZVYOwU0yG4iWbprSVAcs=
golang.org/x/text v0.3.2/go.mod h1:bEr9sfX3Q8Zfm5fL9x+3itogRgK3+ptLWKqgva+5dAk=
golang.org/x/tools v0.0.0-20180917221912-90fa682c2a6e/go.mod h1:n7NCudcB/nEzxVGmLbDWY5pfWTLqBcC2KZ6jyYvM4mQ=
gopkg.in/alecthomas/kingpin.v2 v2.2.5 h1:qskSCq465uEvC3oGocwvZNsO3RF3SpLVLumOAhL0bXo=
gopkg.in/alecthomas/kingpin.v2 v2.2.5/go.mod h1:FMv+mEhP44yOT+4EoQTLFTRgOQ1FBLkstjWtayDeSgw=
gopkg.in/natefinch/npipe.v2 v2.0.0-20160621034901-c1b8fa8bdcce h1:+JknDZhAj8YMt7GC73Ei8pv4MzjDUNPHgQWJdtMAaDU=
gopkg.in/natefinch/npipe.v2 v2.0.0-20160621034901-c1b8fa8bdcce/go.mod h1:5AcXVHNjg+BDxry382+8OKon8SEWiKktQR07RKPsv1c=
gopkg.in/russross/blackfriday.v2 v2.0.0 h1:+FlnIV8DSQnT7NZ43hcVKcdJdzZoeCmJj4Ql8gq5keA=
gopkg.in/russross/blackfriday.v2 v2.0.0/go.mod h1:6sSBNz/GtOm/pJTuh5UmBK2ZHfmnxGbl2NZg1UliSOI=
howett.net/plist v0.0.0-20180609054337-500bd5b9081b h1:r4LwkXZhdblHVSgAvfRjsFpQBorl6S9pAH+AOHVs+28=
howett.net/plist v0.0.0-20180609054337-500bd5b9081b/go.mod h1:jInWmjR7JRkkon4jlLXDZGVEeY/wo3kOOJEWYhNE+9Y=
