{
  "name": "@itchio/butler",
  "version": "1.0.0",
  "lockfileVersion": 1,
  "requires": true,
  "dependencies": {
    "@itchio/bob": {
      "version": "2.0.0",
      "resolved": "https://registry.npmjs.org/@itchio/bob/-/bob-2.0.0.tgz",
      "integrity": "sha512-vIKVP8QCIIyrhKIOyZu9VaUFuZ1s07NeGS4qVD2peHFDBpJP4boFeyluzqLvaKninUtHrZuwWN+Mp0H9v44MHQ==",
      "dev": true
    },
    "@types/node": {
      "version": "14.0.9",
      "resolved": "https://registry.npmjs.org/@types/node/-/node-14.0.9.tgz",
      "integrity": "sha512-0sCTiXKXELOBxvZLN4krQ0FPOAA7ij+6WwvD0k/PHd9/KAkr4dXel5J9fh6F4x1FwAQILqAWkmpeuS6mjf1iKA==",
      "dev": true
    }
  }
}
